
Microsoft Visual Studio Solution File, Format Version 12.00
# Visual Studio Version 17
VisualStudioVersion = 17.4.33213.308
MinimumVisualStudioVersion = 10.0.40219.1
Project("{9A19103F-16F7-4668-BE54-9A1E7A4F7556}") = "DirBrowserBL", "DirBrowserBL\DirBrowserBL.csproj", "{3A85FF61-B276-40A7-8D9A-84AAD306B57C}"
EndProject
Project("{9A19103F-16F7-4668-BE54-9A1E7A4F7556}") = "DirBrowser7", "DirBrowser7\DirBrowser7.csproj", "{C293EACD-0C03-438D-B537-EB0AACDA41DA}"
EndProject
Project("{9A19103F-16F7-4668-BE54-9A1E7A4F7556}") = "BrowserHistory", "BrowserHistory\BrowserHistory.csproj", "{72FB1D9C-7642-4A4E-9222-27BAF0887868}"
EndProject
Project("{2150E333-8FDC-42A3-9474-1A3956D46DE8}") = "DBGenerated", "DBGenerated", "{FE7E855B-9AA1-45DF-BE12-86710F518589}"
EndProject
Project("{9A19103F-16F7-4668-BE54-9A1E7A4F7556}") = "DBGenerated.Models", "DBGenerated\DBGenerated\DBGenerated.Models\DBGenerated.Models.csproj", "{CB4EA23A-E4EA-4CF2-8A69-1ADF7387A37D}"
EndProject
Project("{9A19103F-16F7-4668-BE54-9A1E7A4F7556}") = "DBGenerated.Context", "DBGenerated\DBGenerated\DBGenerated.Context\DBGenerated.Context.csproj", "{283CFF07-6449-4411-9B48-EEC796985ACB}"
EndProject
Project("{9A19103F-16F7-4668-BE54-9A1E7A4F7556}") = "DBGenerated.GeneratorFromDB", "DBGenerated\DBGenerated\DBGenerated.GeneratorFromDB\DBGenerated.GeneratorFromDB.csproj", "{5024BADB-DDD9-437C-BBEE-81EA5361CEA2}"
EndProject
Project("{2150E333-8FDC-42A3-9474-1A3956D46DE8}") = "Plugins", "Plugins", "{E16BC1F6-2851-461D-A207-41533B501DFF}"
EndProject
Project("{FAE04EC0-301F-11D3-BF4B-00C04F79EFBC}") = "IPluginDirBrowser", "IPluginDirBrowser\IPluginDirBrowser.csproj", "{7DC26CC1-C2F0-4AFD-9527-74E44A86990C}"
EndProject
Project("{FAE04EC0-301F-11D3-BF4B-00C04F79EFBC}") = "EmailPlugin", "EmailPlugin\EmailPlugin.csproj", "{3455FC09-AC81-4D83-8F92-B6C6430B6D17}"
EndProject
Global
	GlobalSection(SolutionConfigurationPlatforms) = preSolution
		Debug|Any CPU = Debug|Any CPU
		Release|Any CPU = Release|Any CPU
	EndGlobalSection
	GlobalSection(ProjectConfigurationPlatforms) = postSolution
		{3A85FF61-B276-40A7-8D9A-84AAD306B57C}.Debug|Any CPU.ActiveCfg = Debug|Any CPU
		{3A85FF61-B276-40A7-8D9A-84AAD306B57C}.Debug|Any CPU.Build.0 = Debug|Any CPU
		{3A85FF61-B276-40A7-8D9A-84AAD306B57C}.Release|Any CPU.ActiveCfg = Release|Any CPU
		{3A85FF61-B276-40A7-8D9A-84AAD306B57C}.Release|Any CPU.Build.0 = Release|Any CPU
		{C293EACD-0C03-438D-B537-EB0AACDA41DA}.Debug|Any CPU.ActiveCfg = Debug|Any CPU
		{C293EACD-0C03-438D-B537-EB0AACDA41DA}.Debug|Any CPU.Build.0 = Debug|Any CPU
		{C293EACD-0C03-438D-B537-EB0AACDA41DA}.Release|Any CPU.ActiveCfg = Release|Any CPU
		{C293EACD-0C03-438D-B537-EB0AACDA41DA}.Release|Any CPU.Build.0 = Release|Any CPU
		{72FB1D9C-7642-4A4E-9222-27BAF0887868}.Debug|Any CPU.ActiveCfg = Debug|Any CPU
		{72FB1D9C-7642-4A4E-9222-27BAF0887868}.Debug|Any CPU.Build.0 = Debug|Any CPU
		{72FB1D9C-7642-4A4E-9222-27BAF0887868}.Release|Any CPU.ActiveCfg = Release|Any CPU
		{72FB1D9C-7642-4A4E-9222-27BAF0887868}.Release|Any CPU.Build.0 = Release|Any CPU
		{CB4EA23A-E4EA-4CF2-8A69-1ADF7387A37D}.Debug|Any CPU.ActiveCfg = Debug|Any CPU
		{CB4EA23A-E4EA-4CF2-8A69-1ADF7387A37D}.Debug|Any CPU.Build.0 = Debug|Any CPU
		{CB4EA23A-E4EA-4CF2-8A69-1ADF7387A37D}.Release|Any CPU.ActiveCfg = Release|Any CPU
		{CB4EA23A-E4EA-4CF2-8A69-1ADF7387A37D}.Release|Any CPU.Build.0 = Release|Any CPU
		{283CFF07-6449-4411-9B48-EEC796985ACB}.Debug|Any CPU.ActiveCfg = Debug|Any CPU
		{283CFF07-6449-4411-9B48-EEC796985ACB}.Debug|Any CPU.Build.0 = Debug|Any CPU
		{283CFF07-6449-4411-9B48-EEC796985ACB}.Release|Any CPU.ActiveCfg = Release|Any CPU
		{283CFF07-6449-4411-9B48-EEC796985ACB}.Release|Any CPU.Build.0 = Release|Any CPU
		{5024BADB-DDD9-437C-BBEE-81EA5361CEA2}.Debug|Any CPU.ActiveCfg = Debug|Any CPU
		{5024BADB-DDD9-437C-BBEE-81EA5361CEA2}.Debug|Any CPU.Build.0 = Debug|Any CPU
		{5024BADB-DDD9-437C-BBEE-81EA5361CEA2}.Release|Any CPU.ActiveCfg = Release|Any CPU
		{5024BADB-DDD9-437C-BBEE-81EA5361CEA2}.Release|Any CPU.Build.0 = Release|Any CPU
		{7DC26CC1-C2F0-4AFD-9527-74E44A86990C}.Debug|Any CPU.ActiveCfg = Debug|Any CPU
		{7DC26CC1-C2F0-4AFD-9527-74E44A86990C}.Debug|Any CPU.Build.0 = Debug|Any CPU
		{7DC26CC1-C2F0-4AFD-9527-74E44A86990C}.Release|Any CPU.ActiveCfg = Release|Any CPU
		{7DC26CC1-C2F0-4AFD-9527-74E44A86990C}.Release|Any CPU.Build.0 = Release|Any CPU
		{3455FC09-AC81-4D83-8F92-B6C6430B6D17}.Debug|Any CPU.ActiveCfg = Debug|Any CPU
		{3455FC09-AC81-4D83-8F92-B6C6430B6D17}.Debug|Any CPU.Build.0 = Debug|Any CPU
		{3455FC09-AC81-4D83-8F92-B6C6430B6D17}.Release|Any CPU.ActiveCfg = Release|Any CPU
		{3455FC09-AC81-4D83-8F92-B6C6430B6D17}.Release|Any CPU.Build.0 = Release|Any CPU
	EndGlobalSection
	GlobalSection(SolutionProperties) = preSolution
		HideSolutionNode = FALSE
	EndGlobalSection
	GlobalSection(NestedProjects) = preSolution
		{CB4EA23A-E4EA-4CF2-8A69-1ADF7387A37D} = {FE7E855B-9AA1-45DF-BE12-86710F518589}
		{283CFF07-6449-4411-9B48-EEC796985ACB} = {FE7E855B-9AA1-45DF-BE12-86710F518589}
		{5024BADB-DDD9-437C-BBEE-81EA5361CEA2} = {FE7E855B-9AA1-45DF-BE12-86710F518589}
		{7DC26CC1-C2F0-4AFD-9527-74E44A86990C} = {E16BC1F6-2851-461D-A207-41533B501DFF}
		{3455FC09-AC81-4D83-8F92-B6C6430B6D17} = {E16BC1F6-2851-461D-A207-41533B501DFF}
	EndGlobalSection
	GlobalSection(ExtensibilityGlobals) = postSolution
		SolutionGuid = {2C45C95A-F0E9-4275-AC67-094B04085F57}
	EndGlobalSection
EndGlobal
