
Microsoft Visual Studio Solution File, Format Version 12.00
# Visual Studio Version 17
VisualStudioVersion = 17.4.33213.308
MinimumVisualStudioVersion = 10.0.40219.1
Project("{9A19103F-16F7-4668-BE54-9A1E7A4F7556}") = "DirBrowserBL", "DirBrowserBL\DirBrowserBL.csproj", "{3A85FF61-B276-40A7-8D9A-84AAD306B57C}"
EndProject
Project("{9A19103F-16F7-4668-BE54-9A1E7A4F7556}") = "DirBrowser7", "DirBrowser7\DirBrowser7.csproj", "{C293EACD-0C03-438D-B537-EB0AACDA41DA}"
EndProject
Project("{FAE04EC0-301F-11D3-BF4B-00C04F79EFBC}") = "BrowserHistory", "BrowserHistory\BrowserHistory.csproj", "{72FB1D9C-7642-4A4E-9222-27BAF0887868}"
EndProject
Global
	GlobalSection(SolutionConfigurationPlatforms) = preSolution
		Debug|Any CPU = Debug|Any CPU
		Release|Any CPU = Release|Any CPU
	EndGlobalSection
	GlobalSection(ProjectConfigurationPlatforms) = postSolution
		{3A85FF61-B276-40A7-8D9A-84AAD306B57C}.Debug|Any CPU.ActiveCfg = Debug|Any CPU
		{3A85FF61-B276-40A7-8D9A-84AAD306B57C}.Debug|Any CPU.Build.0 = Debug|Any CPU
		{3A85FF61-B276-40A7-8D9A-84AAD306B57C}.Release|Any CPU.ActiveCfg = Release|Any CPU
		{3A85FF61-B276-40A7-8D9A-84AAD306B57C}.Release|Any CPU.Build.0 = Release|Any CPU
		{C293EACD-0C03-438D-B537-EB0AACDA41DA}.Debug|Any CPU.ActiveCfg = Debug|Any CPU
		{C293EACD-0C03-438D-B537-EB0AACDA41DA}.Debug|Any CPU.Build.0 = Debug|Any CPU
		{C293EACD-0C03-438D-B537-EB0AACDA41DA}.Release|Any CPU.ActiveCfg = Release|Any CPU
		{C293EACD-0C03-438D-B537-EB0AACDA41DA}.Release|Any CPU.Build.0 = Release|Any CPU
		{72FB1D9C-7642-4A4E-9222-27BAF0887868}.Debug|Any CPU.ActiveCfg = Debug|Any CPU
		{72FB1D9C-7642-4A4E-9222-27BAF0887868}.Debug|Any CPU.Build.0 = Debug|Any CPU
		{72FB1D9C-7642-4A4E-9222-27BAF0887868}.Release|Any CPU.ActiveCfg = Release|Any CPU
		{72FB1D9C-7642-4A4E-9222-27BAF0887868}.Release|Any CPU.Build.0 = Release|Any CPU
	EndGlobalSection
	GlobalSection(SolutionProperties) = preSolution
		HideSolutionNode = FALSE
	EndGlobalSection
	GlobalSection(ExtensibilityGlobals) = postSolution
		SolutionGuid = {2C45C95A-F0E9-4275-AC67-094B04085F57}
	EndGlobalSection
EndGlobal
